{
  "name": "hyper-plugins",
  "version": "0.0.1",
  "lockfileVersion": 1,
  "requires": true,
  "dependencies": {
    "hyper-blink": {
      "version": "1.1.2",
      "resolved": "https://registry.npmjs.org/hyper-blink/-/hyper-blink-1.1.2.tgz",
      "integrity": "sha1-+ATJeXp8btU8AqpluEh9GXYfxyo=",
      "requires": {
        "lodash.throttle": "^4.0.1"
      }
    },
    "hypercwd": {
      "version": "1.4.0",
      "resolved": "https://registry.npmjs.org/hypercwd/-/hypercwd-1.4.0.tgz",
      "integrity": "sha512-XOjcbiW64NprfMk+YfHCEibupO3rMzb3o78X7Y9rhn212gFHsCvJlV617G812fFbCIHGduoI4p7ILioqJBp+UQ=="
    },
    "hyperterm-base-16-ocean": {
      "version": "1.0.2",
      "resolved": "https://registry.npmjs.org/hyperterm-base-16-ocean/-/hyperterm-base-16-ocean-1.0.2.tgz",
      "integrity": "sha1-3e2busrZFySHtCzWp+N7PWD+8EA="
    },
    "lodash.throttle": {
      "version": "4.1.1",
      "resolved": "https://registry.npmjs.org/lodash.throttle/-/lodash.throttle-4.1.1.tgz",
      "integrity": "sha1-wj6RtxAkKscMN/HhzaknTMOb8vQ="
    }
  }
}
