{
  "name": "hyper-plugins",
  "version": "0.0.1",
  "lockfileVersion": 1,
  "requires": true,
  "dependencies": {
    "hyper-blink": {
      "version": "https://registry.npmjs.org/hyper-blink/-/hyper-blink-1.1.2.tgz",
      "integrity": "sha1-+ATJeXp8btU8AqpluEh9GXYfxyo=",
      "requires": {
        "lodash.throttle": "https://registry.npmjs.org/lodash.throttle/-/lodash.throttle-4.1.1.tgz"
      }
    },
    "hyperterm-base16-tomorrow-night": {
      "version": "https://registry.npmjs.org/hyperterm-base16-tomorrow-night/-/hyperterm-base16-tomorrow-night-0.1.2.tgz",
      "integrity": "sha1-SDm0KR8qYSwCxR7IFSUlovOcZAA="
    },
    "lodash.throttle": {
      "version": "https://registry.npmjs.org/lodash.throttle/-/lodash.throttle-4.1.1.tgz",
      "integrity": "sha1-wj6RtxAkKscMN/HhzaknTMOb8vQ="
    }
  }
}
